
Microsoft Visual Studio Solution File, Format Version 12.00
# Visual Studio 15
VisualStudioVersion = 15.0.28010.0
MinimumVisualStudioVersion = 10.0.40219.1
Project("{9A19103F-16F7-4668-BE54-9A1E7A4F7556}") = "ChancellorGerath", "ChancellorGerath\ChancellorGerath.csproj", "{928F300B-9BB4-40CB-807D-0F54831EE910}"
EndProject
Project("{FAE04EC0-301F-11D3-BF4B-00C04F79EFBC}") = "Tests", "Tests\Tests.csproj", "{5A282C45-D374-408C-84BE-FC80F5469E92}"
EndProject
Global
	GlobalSection(SolutionConfigurationPlatforms) = preSolution
		Debug|Any CPU = Debug|Any CPU
		Release|Any CPU = Release|Any CPU
	EndGlobalSection
	GlobalSection(ProjectConfigurationPlatforms) = postSolution
		{928F300B-9BB4-40CB-807D-0F54831EE910}.Debug|Any CPU.ActiveCfg = Debug|Any CPU
		{928F300B-9BB4-40CB-807D-0F54831EE910}.Debug|Any CPU.Build.0 = Debug|Any CPU
		{928F300B-9BB4-40CB-807D-0F54831EE910}.Release|Any CPU.ActiveCfg = Release|Any CPU
		{928F300B-9BB4-40CB-807D-0F54831EE910}.Release|Any CPU.Build.0 = Release|Any CPU
		{5A282C45-D374-408C-84BE-FC80F5469E92}.Debug|Any CPU.ActiveCfg = Debug|Any CPU
		{5A282C45-D374-408C-84BE-FC80F5469E92}.Debug|Any CPU.Build.0 = Debug|Any CPU
		{5A282C45-D374-408C-84BE-FC80F5469E92}.Release|Any CPU.ActiveCfg = Release|Any CPU
		{5A282C45-D374-408C-84BE-FC80F5469E92}.Release|Any CPU.Build.0 = Release|Any CPU
	EndGlobalSection
	GlobalSection(SolutionProperties) = preSolution
		HideSolutionNode = FALSE
	EndGlobalSection
	GlobalSection(ExtensibilityGlobals) = postSolution
		SolutionGuid = {0BAFB86F-E1E7-4A9D-89C7-B1FB45360426}
	EndGlobalSection
EndGlobal
